
Microsoft Visual Studio Solution File, Format Version 12.00
# Visual Studio Version 17
VisualStudioVersion = 17.4.33213.308
MinimumVisualStudioVersion = 10.0.40219.1
Project("{FAE04EC0-301F-11D3-BF4B-00C04F79EFBC}") = "VIDEOJUEGOS", "VIDEOJUEGOS.csproj", "{A1357538-9720-4C07-A648-5B046BBFE542}"
EndProject
Global
	GlobalSection(SolutionConfigurationPlatforms) = preSolution
		Debug|Any CPU = Debug|Any CPU
		Release|Any CPU = Release|Any CPU
	EndGlobalSection
	GlobalSection(ProjectConfigurationPlatforms) = postSolution
		{A1357538-9720-4C07-A648-5B046BBFE542}.Debug|Any CPU.ActiveCfg = Debug|Any CPU
		{A1357538-9720-4C07-A648-5B046BBFE542}.Debug|Any CPU.Build.0 = Debug|Any CPU
		{A1357538-9720-4C07-A648-5B046BBFE542}.Release|Any CPU.ActiveCfg = Release|Any CPU
		{A1357538-9720-4C07-A648-5B046BBFE542}.Release|Any CPU.Build.0 = Release|Any CPU
	EndGlobalSection
	GlobalSection(SolutionProperties) = preSolution
		HideSolutionNode = FALSE
	EndGlobalSection
	GlobalSection(ExtensibilityGlobals) = postSolution
		SolutionGuid = {50AF806B-CE9D-4D44-BA1A-E5F495F05948}
	EndGlobalSection
EndGlobal
